
Microsoft Visual Studio Solution File, Format Version 12.00
# Visual Studio Version 16
VisualStudioVersion = 16.0.31112.23
MinimumVisualStudioVersion = 10.0.40219.1
Project("{9A19103F-16F7-4668-BE54-9A1E7A4F7556}") = "SignalRChat", "SignalRChat\SignalRChat.csproj", "{949416EC-9B28-489B-AEEE-01E1CAD06B64}"
EndProject
Project("{2150E333-8FDC-42A3-9474-1A3956D46DE8}") = "AsyncStudy", "AsyncStudy", "{267DB059-BEF1-4A96-9DA8-D05302B2E3E4}"
EndProject
Project("{FAE04EC0-301F-11D3-BF4B-00C04F79EFBC}") = "SampleApp1", "AsyncStudy\SampleApp1\SampleApp1.csproj", "{7E0CAECA-7A9B-4418-BE8D-07FF1A0C99E3}"
EndProject
Project("{FAE04EC0-301F-11D3-BF4B-00C04F79EFBC}") = "SampleApp2", "AsyncStudy\SampleApp2\SampleApp2.csproj", "{0FD202D4-1E2A-4FEC-B768-2E3A4228FED9}"
EndProject
Project("{2150E333-8FDC-42A3-9474-1A3956D46DE8}") = "SignalStudy", "SignalStudy", "{94CC8BF7-6276-4F45-9D4B-9257C61D7D69}"
EndProject
Project("{9A19103F-16F7-4668-BE54-9A1E7A4F7556}") = "SampleApp3", "AsyncStudy\SampleApp3\SampleApp3.csproj", "{D685F851-8723-47B4-B4FC-CDF49212478F}"
EndProject
Project("{2150E333-8FDC-42A3-9474-1A3956D46DE8}") = "RedisStudy", "RedisStudy", "{F49766BE-D16C-48D6-A4F2-E7648BB8F7BC}"
EndProject
Project("{9A19103F-16F7-4668-BE54-9A1E7A4F7556}") = "RedisBasicApp", "RedisStudy\RedisBasicApp\RedisBasicApp.csproj", "{153EA41B-C0E1-4673-9047-424EF0C14DBF}"
EndProject
Project("{2150E333-8FDC-42A3-9474-1A3956D46DE8}") = "HttpTest", "HttpTest", "{5714EC14-39F6-4911-81B5-40DAC0CFA335}"
EndProject
Project("{FAE04EC0-301F-11D3-BF4B-00C04F79EFBC}") = "HttpTestApp", "HttpsApp\HttpTestApp\HttpTestApp.csproj", "{28C606BD-64B4-470B-B672-8C055BC2E29F}"
EndProject
Project("{2150E333-8FDC-42A3-9474-1A3956D46DE8}") = "powershell", "powershell", "{18BCCF60-2593-4252-8D4F-F0F89C7DB4BA}"
	ProjectSection(SolutionItems) = preProject
		powershell\CreateDirectory.ps1 = powershell\CreateDirectory.ps1
		powershell\downloadWallpaper.ps1 = powershell\downloadWallpaper.ps1
		powershell\functionUse.ps1 = powershell\functionUse.ps1
		powershell\Study01.ps1 = powershell\Study01.ps1
		powershell\xiaomayiPCPublish.ps1 = powershell\xiaomayiPCPublish.ps1
	EndProjectSection
EndProject
Project("{2150E333-8FDC-42A3-9474-1A3956D46DE8}") = "mindmaster", "mindmaster", "{E5580B9C-978A-45B2-985D-118A4F659AA3}"
EndProject
Project("{2150E333-8FDC-42A3-9474-1A3956D46DE8}") = "algorithm", "algorithm", "{B008A75A-38BF-462E-85CD-A656788291CF}"
EndProject
Project("{FAE04EC0-301F-11D3-BF4B-00C04F79EFBC}") = "algorithm", "algorithm\algorithm\algorithm.csproj", "{A8B00525-C5FE-4236-82A7-342E78EBF5F5}"
EndProject
Project("{FAE04EC0-301F-11D3-BF4B-00C04F79EFBC}") = "algorithmTests", "algorithm\algorithmTests\algorithmTests.csproj", "{40DB1386-BE27-4B41-AC65-6A397FCAA6F1}"
EndProject
Project("{9A19103F-16F7-4668-BE54-9A1E7A4F7556}") = "FunctionalConcurrencyNET.Study", "FunctionalConcurrencyNET.Study\FunctionalConcurrencyNET.Study\FunctionalConcurrencyNET.Study.csproj", "{55013802-923C-4ADE-A407-8247BBBC9FD2}"
EndProject
Project("{9A19103F-16F7-4668-BE54-9A1E7A4F7556}") = "FunctionalConcurrencyNET.Study.UnitTest", "FunctionalConcurrencyNET.Study\FunctionalConcurrencyNET.Study.UnitTest\FunctionalConcurrencyNET.Study.UnitTest.csproj", "{7519EAE3-9376-48FD-88C3-1A6BAAC36F16}"
EndProject
Project("{9A19103F-16F7-4668-BE54-9A1E7A4F7556}") = "CoffeExample", "AsyncStudy\CoffeExample\CoffeExample.csproj", "{B6BDFC4F-2785-4DAF-A4C7-D54AFD0705F4}"
EndProject
Project("{9A19103F-16F7-4668-BE54-9A1E7A4F7556}") = "CoffeExampleWithTAP", "AsyncStudy\CoffeExampleWithTAP\CoffeExampleWithTAP.csproj", "{C0E90DEE-6A9C-4AC3-9D9C-295E7EC6EFA4}"
EndProject
Project("{9A19103F-16F7-4668-BE54-9A1E7A4F7556}") = "CoffeExampleWithTAPSample", "AsyncStudy\CoffeExampleWithTAPSample\CoffeExampleWithTAPSample.csproj", "{9841E566-2CD8-4C85-BBE9-B9C1F1B5FA63}"
EndProject
Project("{9A19103F-16F7-4668-BE54-9A1E7A4F7556}") = "AsyncFunctionCodeSample", "AsyncStudy\AsyncFunctionCodeSample\AsyncFunctionCodeSample.csproj", "{BB39A15B-8772-4877-BCA3-B259FAD015F7}"
EndProject
Project("{9A19103F-16F7-4668-BE54-9A1E7A4F7556}") = "WinFormsTaskCancelSample", "AsyncStudy\WinformAsync\WinFormsTaskCancelSample\WinFormsTaskCancelSample.csproj", "{78C8D125-55A6-4642-84D8-9DE083C4F4DB}"
EndProject
Project("{9A19103F-16F7-4668-BE54-9A1E7A4F7556}") = "AsyncCalcSumSample", "AsyncStudy\AsyncCalcSumSample\AsyncCalcSumSample.csproj", "{ECF2D1B3-CF26-4C86-9E2E-5F38CC5C82A9}"
EndProject
Project("{9A19103F-16F7-4668-BE54-9A1E7A4F7556}") = "StockPricesSample", "AsyncStudy\StockPricesSample\StockPricesSample.csproj", "{D0BB7519-53E4-471A-A26B-ACF2F43E474D}"
EndProject
Project("{9A19103F-16F7-4668-BE54-9A1E7A4F7556}") = "CrawlSample", "CrawlSample\CrawlSample\CrawlSample.csproj", "{FDD60940-5D62-48B6-B832-E5A38622BFD4}"
EndProject
Project("{2150E333-8FDC-42A3-9474-1A3956D46DE8}") = "threadpool.samples", "threadpool.samples", "{1C59C529-1D86-47EE-949A-B747C7FA6602}"
EndProject
Project("{9A19103F-16F7-4668-BE54-9A1E7A4F7556}") = "threadpool.samples01", "theadpool.sapmles\threadpool.samples01\threadpool.samples01.csproj", "{0555BA10-CFAE-4526-BD1F-C1F1DF780511}"
EndProject
Project("{2150E333-8FDC-42A3-9474-1A3956D46DE8}") = "TruckDeliverExsample", "TruckDeliverExsample", "{4E4B12D9-1A4C-4EEB-B45D-AF74C17241C7}"
EndProject
Project("{9A19103F-16F7-4668-BE54-9A1E7A4F7556}") = "TruckDeliverExsample.Sync", "AsyncStudy\TruckDeliverExsample\TruckDeliverExsample.Sync\TruckDeliverExsample.Sync.csproj", "{35261E78-7E47-472B-B887-E7934DE7CA6F}"
EndProject
Project("{9A19103F-16F7-4668-BE54-9A1E7A4F7556}") = "TruckDeliverExsample.Async", "AsyncStudy\TruckDeliverExsample\TruckDeliverExsample.Async\TruckDeliverExsample.Async.csproj", "{210907AF-D04D-4918-9474-88A5E8988E8E}"
EndProject
Project("{2150E333-8FDC-42A3-9474-1A3956D46DE8}") = "fConcBook-master", "fConcBook-master", "{36FFC631-0F9D-4285-8CEF-01BE950CEC5D}"
EndProject
Project("{F2A71F9B-5D33-465A-A702-920D77279786}") = "FSharp.Tutorial", "fConcBook-master\Appendix.B\FSharp.Tutorial\FSharp.Tutorial.fsproj", "{41F033C7-F85B-4BD5-AF28-66810B0E1110}"
EndProject
Project("{FAE04EC0-301F-11D3-BF4B-00C04F79EFBC}") = "Functional.cs", "fConcBook-master\Common\Functional.cs\Functional.cs.csproj", "{24D84C19-B173-4635-91A6-42328BC694CE}"
EndProject
Project("{F2A71F9B-5D33-465A-A702-920D77279786}") = "Functional.fs", "fConcBook-master\Common\Functional.fs\Functional.fs.fsproj", "{4AE3E71F-D433-448B-ABFE-13491FAAB5A6}"
EndProject
Project("{FAE04EC0-301F-11D3-BF4B-00C04F79EFBC}") = "PhotoViewer", "fConcBook-master\Common\PhotoViewer\PhotoViewer.csproj", "{AEA42454-7466-49CD-8075-3A153E6E770F}"
EndProject
Project("{F2A71F9B-5D33-465A-A702-920D77279786}") = "Utilities", "fConcBook-master\Common\Utilities\Utilities.fsproj", "{2C133FBD-C138-43BB-9066-A9FECB1ABE86}"
EndProject
Project("{FAE04EC0-301F-11D3-BF4B-00C04F79EFBC}") = "QuickSort.cs", "fConcBook-master\Chapter.01\QuickSort.cs\QuickSort.cs.csproj", "{BB41293F-CA44-4AE9-8198-AB1F2A0D71A5}"
EndProject
Project("{FAE04EC0-301F-11D3-BF4B-00C04F79EFBC}") = "FunctionalTechniques.cs", "fConcBook-master\Chapter.02\FunctionalTechniques.cs\FunctionalTechniques.cs.csproj", "{22D90FF3-0F4D-468B-ABA1-1CD6A82D16DA}"
EndProject
Project("{2150E333-8FDC-42A3-9474-1A3956D46DE8}") = "Appendix.A", "Appendix.A", "{59B82231-4BC2-489B-B970-640ACCCA8BB7}"
EndProject
Project("{FAE04EC0-301F-11D3-BF4B-00C04F79EFBC}") = "Appendix.A", "fConcBook-master\Appendix.A\Appendix.A\Appendix.A.csproj", "{7DD5E681-8526-470B-8550-8F28A657269D}"
EndProject
Project("{2150E333-8FDC-42A3-9474-1A3956D46DE8}") = "Appendix.B", "Appendix.B", "{2B23198D-1D9B-4929-AE81-7ADB30F0D4BF}"
EndProject
Project("{2150E333-8FDC-42A3-9474-1A3956D46DE8}") = "Chapter.01", "Chapter.01", "{514F75DD-A5B9-4A9F-82C5-A1C39A244A20}"
EndProject
Project("{2150E333-8FDC-42A3-9474-1A3956D46DE8}") = "Chapter.02", "Chapter.02", "{1E304044-6943-4E96-BBBF-B7A173D295A8}"
EndProject
Project("{2150E333-8FDC-42A3-9474-1A3956D46DE8}") = "Chapter.03", "Chapter.03", "{AE1C9DAD-9CE3-45C5-A6A3-2C887CA3005A}"
EndProject
Project("{2150E333-8FDC-42A3-9474-1A3956D46DE8}") = "Common", "Common", "{72A29C60-9264-4DAD-9634-E78F406C2F3A}"
EndProject
Global
	GlobalSection(SolutionConfigurationPlatforms) = preSolution
		Debug|Any CPU = Debug|Any CPU
		Release|Any CPU = Release|Any CPU
	EndGlobalSection
	GlobalSection(ProjectConfigurationPlatforms) = postSolution
		{949416EC-9B28-489B-AEEE-01E1CAD06B64}.Debug|Any CPU.ActiveCfg = Debug|Any CPU
		{949416EC-9B28-489B-AEEE-01E1CAD06B64}.Debug|Any CPU.Build.0 = Debug|Any CPU
		{949416EC-9B28-489B-AEEE-01E1CAD06B64}.Release|Any CPU.ActiveCfg = Release|Any CPU
		{949416EC-9B28-489B-AEEE-01E1CAD06B64}.Release|Any CPU.Build.0 = Release|Any CPU
		{7E0CAECA-7A9B-4418-BE8D-07FF1A0C99E3}.Debug|Any CPU.ActiveCfg = Debug|Any CPU
		{7E0CAECA-7A9B-4418-BE8D-07FF1A0C99E3}.Debug|Any CPU.Build.0 = Debug|Any CPU
		{7E0CAECA-7A9B-4418-BE8D-07FF1A0C99E3}.Release|Any CPU.ActiveCfg = Release|Any CPU
		{7E0CAECA-7A9B-4418-BE8D-07FF1A0C99E3}.Release|Any CPU.Build.0 = Release|Any CPU
		{0FD202D4-1E2A-4FEC-B768-2E3A4228FED9}.Debug|Any CPU.ActiveCfg = Debug|Any CPU
		{0FD202D4-1E2A-4FEC-B768-2E3A4228FED9}.Debug|Any CPU.Build.0 = Debug|Any CPU
		{0FD202D4-1E2A-4FEC-B768-2E3A4228FED9}.Release|Any CPU.ActiveCfg = Release|Any CPU
		{0FD202D4-1E2A-4FEC-B768-2E3A4228FED9}.Release|Any CPU.Build.0 = Release|Any CPU
		{D685F851-8723-47B4-B4FC-CDF49212478F}.Debug|Any CPU.ActiveCfg = Debug|Any CPU
		{D685F851-8723-47B4-B4FC-CDF49212478F}.Debug|Any CPU.Build.0 = Debug|Any CPU
		{D685F851-8723-47B4-B4FC-CDF49212478F}.Release|Any CPU.ActiveCfg = Release|Any CPU
		{D685F851-8723-47B4-B4FC-CDF49212478F}.Release|Any CPU.Build.0 = Release|Any CPU
		{153EA41B-C0E1-4673-9047-424EF0C14DBF}.Debug|Any CPU.ActiveCfg = Debug|Any CPU
		{153EA41B-C0E1-4673-9047-424EF0C14DBF}.Debug|Any CPU.Build.0 = Debug|Any CPU
		{153EA41B-C0E1-4673-9047-424EF0C14DBF}.Release|Any CPU.ActiveCfg = Release|Any CPU
		{153EA41B-C0E1-4673-9047-424EF0C14DBF}.Release|Any CPU.Build.0 = Release|Any CPU
		{28C606BD-64B4-470B-B672-8C055BC2E29F}.Debug|Any CPU.ActiveCfg = Debug|Any CPU
		{28C606BD-64B4-470B-B672-8C055BC2E29F}.Debug|Any CPU.Build.0 = Debug|Any CPU
		{28C606BD-64B4-470B-B672-8C055BC2E29F}.Release|Any CPU.ActiveCfg = Release|Any CPU
		{28C606BD-64B4-470B-B672-8C055BC2E29F}.Release|Any CPU.Build.0 = Release|Any CPU
		{A8B00525-C5FE-4236-82A7-342E78EBF5F5}.Debug|Any CPU.ActiveCfg = Debug|Any CPU
		{A8B00525-C5FE-4236-82A7-342E78EBF5F5}.Debug|Any CPU.Build.0 = Debug|Any CPU
		{A8B00525-C5FE-4236-82A7-342E78EBF5F5}.Release|Any CPU.ActiveCfg = Release|Any CPU
		{A8B00525-C5FE-4236-82A7-342E78EBF5F5}.Release|Any CPU.Build.0 = Release|Any CPU
		{40DB1386-BE27-4B41-AC65-6A397FCAA6F1}.Debug|Any CPU.ActiveCfg = Debug|Any CPU
		{40DB1386-BE27-4B41-AC65-6A397FCAA6F1}.Debug|Any CPU.Build.0 = Debug|Any CPU
		{40DB1386-BE27-4B41-AC65-6A397FCAA6F1}.Release|Any CPU.ActiveCfg = Release|Any CPU
		{40DB1386-BE27-4B41-AC65-6A397FCAA6F1}.Release|Any CPU.Build.0 = Release|Any CPU
		{55013802-923C-4ADE-A407-8247BBBC9FD2}.Debug|Any CPU.ActiveCfg = Debug|Any CPU
		{55013802-923C-4ADE-A407-8247BBBC9FD2}.Debug|Any CPU.Build.0 = Debug|Any CPU
		{55013802-923C-4ADE-A407-8247BBBC9FD2}.Release|Any CPU.ActiveCfg = Release|Any CPU
		{55013802-923C-4ADE-A407-8247BBBC9FD2}.Release|Any CPU.Build.0 = Release|Any CPU
		{7519EAE3-9376-48FD-88C3-1A6BAAC36F16}.Debug|Any CPU.ActiveCfg = Debug|Any CPU
		{7519EAE3-9376-48FD-88C3-1A6BAAC36F16}.Debug|Any CPU.Build.0 = Debug|Any CPU
		{7519EAE3-9376-48FD-88C3-1A6BAAC36F16}.Release|Any CPU.ActiveCfg = Release|Any CPU
		{7519EAE3-9376-48FD-88C3-1A6BAAC36F16}.Release|Any CPU.Build.0 = Release|Any CPU
		{B6BDFC4F-2785-4DAF-A4C7-D54AFD0705F4}.Debug|Any CPU.ActiveCfg = Debug|Any CPU
		{B6BDFC4F-2785-4DAF-A4C7-D54AFD0705F4}.Debug|Any CPU.Build.0 = Debug|Any CPU
		{B6BDFC4F-2785-4DAF-A4C7-D54AFD0705F4}.Release|Any CPU.ActiveCfg = Release|Any CPU
		{B6BDFC4F-2785-4DAF-A4C7-D54AFD0705F4}.Release|Any CPU.Build.0 = Release|Any CPU
		{C0E90DEE-6A9C-4AC3-9D9C-295E7EC6EFA4}.Debug|Any CPU.ActiveCfg = Debug|Any CPU
		{C0E90DEE-6A9C-4AC3-9D9C-295E7EC6EFA4}.Debug|Any CPU.Build.0 = Debug|Any CPU
		{C0E90DEE-6A9C-4AC3-9D9C-295E7EC6EFA4}.Release|Any CPU.ActiveCfg = Release|Any CPU
		{C0E90DEE-6A9C-4AC3-9D9C-295E7EC6EFA4}.Release|Any CPU.Build.0 = Release|Any CPU
		{9841E566-2CD8-4C85-BBE9-B9C1F1B5FA63}.Debug|Any CPU.ActiveCfg = Debug|Any CPU
		{9841E566-2CD8-4C85-BBE9-B9C1F1B5FA63}.Debug|Any CPU.Build.0 = Debug|Any CPU
		{9841E566-2CD8-4C85-BBE9-B9C1F1B5FA63}.Release|Any CPU.ActiveCfg = Release|Any CPU
		{9841E566-2CD8-4C85-BBE9-B9C1F1B5FA63}.Release|Any CPU.Build.0 = Release|Any CPU
		{BB39A15B-8772-4877-BCA3-B259FAD015F7}.Debug|Any CPU.ActiveCfg = Debug|Any CPU
		{BB39A15B-8772-4877-BCA3-B259FAD015F7}.Debug|Any CPU.Build.0 = Debug|Any CPU
		{BB39A15B-8772-4877-BCA3-B259FAD015F7}.Release|Any CPU.ActiveCfg = Release|Any CPU
		{BB39A15B-8772-4877-BCA3-B259FAD015F7}.Release|Any CPU.Build.0 = Release|Any CPU
		{78C8D125-55A6-4642-84D8-9DE083C4F4DB}.Debug|Any CPU.ActiveCfg = Debug|Any CPU
		{78C8D125-55A6-4642-84D8-9DE083C4F4DB}.Debug|Any CPU.Build.0 = Debug|Any CPU
		{78C8D125-55A6-4642-84D8-9DE083C4F4DB}.Release|Any CPU.ActiveCfg = Release|Any CPU
		{78C8D125-55A6-4642-84D8-9DE083C4F4DB}.Release|Any CPU.Build.0 = Release|Any CPU
		{ECF2D1B3-CF26-4C86-9E2E-5F38CC5C82A9}.Debug|Any CPU.ActiveCfg = Debug|Any CPU
		{ECF2D1B3-CF26-4C86-9E2E-5F38CC5C82A9}.Debug|Any CPU.Build.0 = Debug|Any CPU
		{ECF2D1B3-CF26-4C86-9E2E-5F38CC5C82A9}.Release|Any CPU.ActiveCfg = Release|Any CPU
		{ECF2D1B3-CF26-4C86-9E2E-5F38CC5C82A9}.Release|Any CPU.Build.0 = Release|Any CPU
		{D0BB7519-53E4-471A-A26B-ACF2F43E474D}.Debug|Any CPU.ActiveCfg = Debug|Any CPU
		{D0BB7519-53E4-471A-A26B-ACF2F43E474D}.Debug|Any CPU.Build.0 = Debug|Any CPU
		{D0BB7519-53E4-471A-A26B-ACF2F43E474D}.Release|Any CPU.ActiveCfg = Release|Any CPU
		{D0BB7519-53E4-471A-A26B-ACF2F43E474D}.Release|Any CPU.Build.0 = Release|Any CPU
		{FDD60940-5D62-48B6-B832-E5A38622BFD4}.Debug|Any CPU.ActiveCfg = Debug|Any CPU
		{FDD60940-5D62-48B6-B832-E5A38622BFD4}.Debug|Any CPU.Build.0 = Debug|Any CPU
		{FDD60940-5D62-48B6-B832-E5A38622BFD4}.Release|Any CPU.ActiveCfg = Release|Any CPU
		{FDD60940-5D62-48B6-B832-E5A38622BFD4}.Release|Any CPU.Build.0 = Release|Any CPU
		{0555BA10-CFAE-4526-BD1F-C1F1DF780511}.Debug|Any CPU.ActiveCfg = Debug|Any CPU
		{0555BA10-CFAE-4526-BD1F-C1F1DF780511}.Debug|Any CPU.Build.0 = Debug|Any CPU
		{0555BA10-CFAE-4526-BD1F-C1F1DF780511}.Release|Any CPU.ActiveCfg = Release|Any CPU
		{0555BA10-CFAE-4526-BD1F-C1F1DF780511}.Release|Any CPU.Build.0 = Release|Any CPU
		{35261E78-7E47-472B-B887-E7934DE7CA6F}.Debug|Any CPU.ActiveCfg = Debug|Any CPU
		{35261E78-7E47-472B-B887-E7934DE7CA6F}.Debug|Any CPU.Build.0 = Debug|Any CPU
		{35261E78-7E47-472B-B887-E7934DE7CA6F}.Release|Any CPU.ActiveCfg = Release|Any CPU
		{35261E78-7E47-472B-B887-E7934DE7CA6F}.Release|Any CPU.Build.0 = Release|Any CPU
		{210907AF-D04D-4918-9474-88A5E8988E8E}.Debug|Any CPU.ActiveCfg = Debug|Any CPU
		{210907AF-D04D-4918-9474-88A5E8988E8E}.Debug|Any CPU.Build.0 = Debug|Any CPU
		{210907AF-D04D-4918-9474-88A5E8988E8E}.Release|Any CPU.ActiveCfg = Release|Any CPU
		{210907AF-D04D-4918-9474-88A5E8988E8E}.Release|Any CPU.Build.0 = Release|Any CPU
		{41F033C7-F85B-4BD5-AF28-66810B0E1110}.Debug|Any CPU.ActiveCfg = Debug|Any CPU
		{41F033C7-F85B-4BD5-AF28-66810B0E1110}.Debug|Any CPU.Build.0 = Debug|Any CPU
		{41F033C7-F85B-4BD5-AF28-66810B0E1110}.Release|Any CPU.ActiveCfg = Release|Any CPU
		{41F033C7-F85B-4BD5-AF28-66810B0E1110}.Release|Any CPU.Build.0 = Release|Any CPU
		{24D84C19-B173-4635-91A6-42328BC694CE}.Debug|Any CPU.ActiveCfg = Debug|Any CPU
		{24D84C19-B173-4635-91A6-42328BC694CE}.Debug|Any CPU.Build.0 = Debug|Any CPU
		{24D84C19-B173-4635-91A6-42328BC694CE}.Release|Any CPU.ActiveCfg = Release|Any CPU
		{24D84C19-B173-4635-91A6-42328BC694CE}.Release|Any CPU.Build.0 = Release|Any CPU
		{4AE3E71F-D433-448B-ABFE-13491FAAB5A6}.Debug|Any CPU.ActiveCfg = Debug|Any CPU
		{4AE3E71F-D433-448B-ABFE-13491FAAB5A6}.Debug|Any CPU.Build.0 = Debug|Any CPU
		{4AE3E71F-D433-448B-ABFE-13491FAAB5A6}.Release|Any CPU.ActiveCfg = Release|Any CPU
		{4AE3E71F-D433-448B-ABFE-13491FAAB5A6}.Release|Any CPU.Build.0 = Release|Any CPU
		{AEA42454-7466-49CD-8075-3A153E6E770F}.Debug|Any CPU.ActiveCfg = Debug|Any CPU
		{AEA42454-7466-49CD-8075-3A153E6E770F}.Debug|Any CPU.Build.0 = Debug|Any CPU
		{AEA42454-7466-49CD-8075-3A153E6E770F}.Release|Any CPU.ActiveCfg = Release|Any CPU
		{AEA42454-7466-49CD-8075-3A153E6E770F}.Release|Any CPU.Build.0 = Release|Any CPU
		{2C133FBD-C138-43BB-9066-A9FECB1ABE86}.Debug|Any CPU.ActiveCfg = Debug|Any CPU
		{2C133FBD-C138-43BB-9066-A9FECB1ABE86}.Debug|Any CPU.Build.0 = Debug|Any CPU
		{2C133FBD-C138-43BB-9066-A9FECB1ABE86}.Release|Any CPU.ActiveCfg = Release|Any CPU
		{2C133FBD-C138-43BB-9066-A9FECB1ABE86}.Release|Any CPU.Build.0 = Release|Any CPU
		{BB41293F-CA44-4AE9-8198-AB1F2A0D71A5}.Debug|Any CPU.ActiveCfg = Debug|Any CPU
		{BB41293F-CA44-4AE9-8198-AB1F2A0D71A5}.Debug|Any CPU.Build.0 = Debug|Any CPU
		{BB41293F-CA44-4AE9-8198-AB1F2A0D71A5}.Release|Any CPU.ActiveCfg = Release|Any CPU
		{BB41293F-CA44-4AE9-8198-AB1F2A0D71A5}.Release|Any CPU.Build.0 = Release|Any CPU
		{22D90FF3-0F4D-468B-ABA1-1CD6A82D16DA}.Debug|Any CPU.ActiveCfg = Debug|Any CPU
		{22D90FF3-0F4D-468B-ABA1-1CD6A82D16DA}.Debug|Any CPU.Build.0 = Debug|Any CPU
		{22D90FF3-0F4D-468B-ABA1-1CD6A82D16DA}.Release|Any CPU.ActiveCfg = Release|Any CPU
		{22D90FF3-0F4D-468B-ABA1-1CD6A82D16DA}.Release|Any CPU.Build.0 = Release|Any CPU
		{7DD5E681-8526-470B-8550-8F28A657269D}.Debug|Any CPU.ActiveCfg = Debug|Any CPU
		{7DD5E681-8526-470B-8550-8F28A657269D}.Debug|Any CPU.Build.0 = Debug|Any CPU
		{7DD5E681-8526-470B-8550-8F28A657269D}.Release|Any CPU.ActiveCfg = Release|Any CPU
		{7DD5E681-8526-470B-8550-8F28A657269D}.Release|Any CPU.Build.0 = Release|Any CPU
	EndGlobalSection
	GlobalSection(SolutionProperties) = preSolution
		HideSolutionNode = FALSE
	EndGlobalSection
	GlobalSection(NestedProjects) = preSolution
		{949416EC-9B28-489B-AEEE-01E1CAD06B64} = {94CC8BF7-6276-4F45-9D4B-9257C61D7D69}
		{7E0CAECA-7A9B-4418-BE8D-07FF1A0C99E3} = {267DB059-BEF1-4A96-9DA8-D05302B2E3E4}
		{0FD202D4-1E2A-4FEC-B768-2E3A4228FED9} = {267DB059-BEF1-4A96-9DA8-D05302B2E3E4}
		{D685F851-8723-47B4-B4FC-CDF49212478F} = {267DB059-BEF1-4A96-9DA8-D05302B2E3E4}
		{153EA41B-C0E1-4673-9047-424EF0C14DBF} = {F49766BE-D16C-48D6-A4F2-E7648BB8F7BC}
		{28C606BD-64B4-470B-B672-8C055BC2E29F} = {5714EC14-39F6-4911-81B5-40DAC0CFA335}
		{A8B00525-C5FE-4236-82A7-342E78EBF5F5} = {B008A75A-38BF-462E-85CD-A656788291CF}
		{B6BDFC4F-2785-4DAF-A4C7-D54AFD0705F4} = {267DB059-BEF1-4A96-9DA8-D05302B2E3E4}
		{C0E90DEE-6A9C-4AC3-9D9C-295E7EC6EFA4} = {267DB059-BEF1-4A96-9DA8-D05302B2E3E4}
		{9841E566-2CD8-4C85-BBE9-B9C1F1B5FA63} = {267DB059-BEF1-4A96-9DA8-D05302B2E3E4}
		{BB39A15B-8772-4877-BCA3-B259FAD015F7} = {267DB059-BEF1-4A96-9DA8-D05302B2E3E4}
		{78C8D125-55A6-4642-84D8-9DE083C4F4DB} = {267DB059-BEF1-4A96-9DA8-D05302B2E3E4}
		{ECF2D1B3-CF26-4C86-9E2E-5F38CC5C82A9} = {267DB059-BEF1-4A96-9DA8-D05302B2E3E4}
		{D0BB7519-53E4-471A-A26B-ACF2F43E474D} = {267DB059-BEF1-4A96-9DA8-D05302B2E3E4}
		{FDD60940-5D62-48B6-B832-E5A38622BFD4} = {267DB059-BEF1-4A96-9DA8-D05302B2E3E4}
		{0555BA10-CFAE-4526-BD1F-C1F1DF780511} = {1C59C529-1D86-47EE-949A-B747C7FA6602}
		{4E4B12D9-1A4C-4EEB-B45D-AF74C17241C7} = {267DB059-BEF1-4A96-9DA8-D05302B2E3E4}
		{35261E78-7E47-472B-B887-E7934DE7CA6F} = {4E4B12D9-1A4C-4EEB-B45D-AF74C17241C7}
		{210907AF-D04D-4918-9474-88A5E8988E8E} = {4E4B12D9-1A4C-4EEB-B45D-AF74C17241C7}
		{41F033C7-F85B-4BD5-AF28-66810B0E1110} = {2B23198D-1D9B-4929-AE81-7ADB30F0D4BF}
		{24D84C19-B173-4635-91A6-42328BC694CE} = {72A29C60-9264-4DAD-9634-E78F406C2F3A}
		{4AE3E71F-D433-448B-ABFE-13491FAAB5A6} = {72A29C60-9264-4DAD-9634-E78F406C2F3A}
		{AEA42454-7466-49CD-8075-3A153E6E770F} = {72A29C60-9264-4DAD-9634-E78F406C2F3A}
		{2C133FBD-C138-43BB-9066-A9FECB1ABE86} = {72A29C60-9264-4DAD-9634-E78F406C2F3A}
		{BB41293F-CA44-4AE9-8198-AB1F2A0D71A5} = {514F75DD-A5B9-4A9F-82C5-A1C39A244A20}
		{22D90FF3-0F4D-468B-ABA1-1CD6A82D16DA} = {1E304044-6943-4E96-BBBF-B7A173D295A8}
		{59B82231-4BC2-489B-B970-640ACCCA8BB7} = {36FFC631-0F9D-4285-8CEF-01BE950CEC5D}
		{7DD5E681-8526-470B-8550-8F28A657269D} = {59B82231-4BC2-489B-B970-640ACCCA8BB7}
		{2B23198D-1D9B-4929-AE81-7ADB30F0D4BF} = {36FFC631-0F9D-4285-8CEF-01BE950CEC5D}
		{514F75DD-A5B9-4A9F-82C5-A1C39A244A20} = {36FFC631-0F9D-4285-8CEF-01BE950CEC5D}
		{1E304044-6943-4E96-BBBF-B7A173D295A8} = {36FFC631-0F9D-4285-8CEF-01BE950CEC5D}
		{AE1C9DAD-9CE3-45C5-A6A3-2C887CA3005A} = {36FFC631-0F9D-4285-8CEF-01BE950CEC5D}
		{72A29C60-9264-4DAD-9634-E78F406C2F3A} = {36FFC631-0F9D-4285-8CEF-01BE950CEC5D}
	EndGlobalSection
	GlobalSection(ExtensibilityGlobals) = postSolution
		SolutionGuid = {D8110C10-D9D6-46DD-AE31-52D8D17EB17A}
	EndGlobalSection
EndGlobal
