
Microsoft Visual Studio Solution File, Format Version 12.00
# Visual Studio 15
VisualStudioVersion = 15.0.28010.2016
MinimumVisualStudioVersion = 10.0.40219.1
Project("{9A19103F-16F7-4668-BE54-9A1E7A4F7556}") = "SignalRChat", "SignalRChat\SignalRChat.csproj", "{949416EC-9B28-489B-AEEE-01E1CAD06B64}"
EndProject
Project("{2150E333-8FDC-42A3-9474-1A3956D46DE8}") = "AsyncStudy", "AsyncStudy", "{267DB059-BEF1-4A96-9DA8-D05302B2E3E4}"
EndProject
Project("{FAE04EC0-301F-11D3-BF4B-00C04F79EFBC}") = "SampleApp1", "AsyncStudy\SampleApp1\SampleApp1.csproj", "{7E0CAECA-7A9B-4418-BE8D-07FF1A0C99E3}"
EndProject
Project("{FAE04EC0-301F-11D3-BF4B-00C04F79EFBC}") = "SampleApp2", "AsyncStudy\SampleApp2\SampleApp2.csproj", "{0FD202D4-1E2A-4FEC-B768-2E3A4228FED9}"
EndProject
Project("{2150E333-8FDC-42A3-9474-1A3956D46DE8}") = "SignalStudy", "SignalStudy", "{94CC8BF7-6276-4F45-9D4B-9257C61D7D69}"
EndProject
Project("{9A19103F-16F7-4668-BE54-9A1E7A4F7556}") = "SampleApp3", "AsyncStudy\SampleApp3\SampleApp3.csproj", "{D685F851-8723-47B4-B4FC-CDF49212478F}"
EndProject
Project("{2150E333-8FDC-42A3-9474-1A3956D46DE8}") = "RedisStudy", "RedisStudy", "{F49766BE-D16C-48D6-A4F2-E7648BB8F7BC}"
EndProject
Project("{FAE04EC0-301F-11D3-BF4B-00C04F79EFBC}") = "RedisBasicApp", "RedisStudy\RedisBasicApp\RedisBasicApp.csproj", "{153EA41B-C0E1-4673-9047-424EF0C14DBF}"
EndProject
Global
	GlobalSection(SolutionConfigurationPlatforms) = preSolution
		Debug|Any CPU = Debug|Any CPU
		Release|Any CPU = Release|Any CPU
	EndGlobalSection
	GlobalSection(ProjectConfigurationPlatforms) = postSolution
		{949416EC-9B28-489B-AEEE-01E1CAD06B64}.Debug|Any CPU.ActiveCfg = Debug|Any CPU
		{949416EC-9B28-489B-AEEE-01E1CAD06B64}.Debug|Any CPU.Build.0 = Debug|Any CPU
		{949416EC-9B28-489B-AEEE-01E1CAD06B64}.Release|Any CPU.ActiveCfg = Release|Any CPU
		{949416EC-9B28-489B-AEEE-01E1CAD06B64}.Release|Any CPU.Build.0 = Release|Any CPU
		{7E0CAECA-7A9B-4418-BE8D-07FF1A0C99E3}.Debug|Any CPU.ActiveCfg = Debug|Any CPU
		{7E0CAECA-7A9B-4418-BE8D-07FF1A0C99E3}.Debug|Any CPU.Build.0 = Debug|Any CPU
		{7E0CAECA-7A9B-4418-BE8D-07FF1A0C99E3}.Release|Any CPU.ActiveCfg = Release|Any CPU
		{7E0CAECA-7A9B-4418-BE8D-07FF1A0C99E3}.Release|Any CPU.Build.0 = Release|Any CPU
		{0FD202D4-1E2A-4FEC-B768-2E3A4228FED9}.Debug|Any CPU.ActiveCfg = Debug|Any CPU
		{0FD202D4-1E2A-4FEC-B768-2E3A4228FED9}.Debug|Any CPU.Build.0 = Debug|Any CPU
		{0FD202D4-1E2A-4FEC-B768-2E3A4228FED9}.Release|Any CPU.ActiveCfg = Release|Any CPU
		{0FD202D4-1E2A-4FEC-B768-2E3A4228FED9}.Release|Any CPU.Build.0 = Release|Any CPU
		{D685F851-8723-47B4-B4FC-CDF49212478F}.Debug|Any CPU.ActiveCfg = Debug|Any CPU
		{D685F851-8723-47B4-B4FC-CDF49212478F}.Debug|Any CPU.Build.0 = Debug|Any CPU
		{D685F851-8723-47B4-B4FC-CDF49212478F}.Release|Any CPU.ActiveCfg = Release|Any CPU
		{D685F851-8723-47B4-B4FC-CDF49212478F}.Release|Any CPU.Build.0 = Release|Any CPU
		{153EA41B-C0E1-4673-9047-424EF0C14DBF}.Debug|Any CPU.ActiveCfg = Debug|Any CPU
		{153EA41B-C0E1-4673-9047-424EF0C14DBF}.Debug|Any CPU.Build.0 = Debug|Any CPU
		{153EA41B-C0E1-4673-9047-424EF0C14DBF}.Release|Any CPU.ActiveCfg = Release|Any CPU
		{153EA41B-C0E1-4673-9047-424EF0C14DBF}.Release|Any CPU.Build.0 = Release|Any CPU
	EndGlobalSection
	GlobalSection(SolutionProperties) = preSolution
		HideSolutionNode = FALSE
	EndGlobalSection
	GlobalSection(NestedProjects) = preSolution
		{949416EC-9B28-489B-AEEE-01E1CAD06B64} = {94CC8BF7-6276-4F45-9D4B-9257C61D7D69}
		{7E0CAECA-7A9B-4418-BE8D-07FF1A0C99E3} = {267DB059-BEF1-4A96-9DA8-D05302B2E3E4}
		{0FD202D4-1E2A-4FEC-B768-2E3A4228FED9} = {267DB059-BEF1-4A96-9DA8-D05302B2E3E4}
		{D685F851-8723-47B4-B4FC-CDF49212478F} = {267DB059-BEF1-4A96-9DA8-D05302B2E3E4}
		{153EA41B-C0E1-4673-9047-424EF0C14DBF} = {F49766BE-D16C-48D6-A4F2-E7648BB8F7BC}
	EndGlobalSection
	GlobalSection(ExtensibilityGlobals) = postSolution
		SolutionGuid = {D8110C10-D9D6-46DD-AE31-52D8D17EB17A}
	EndGlobalSection
EndGlobal
